
Microsoft Visual Studio Solution File, Format Version 12.00
# Visual Studio Version 16
VisualStudioVersion = 16.0.29411.108
MinimumVisualStudioVersion = 10.0.40219.1
Project("{F184B08F-C81C-45F6-A57F-5ABD9991F28F}") = "GsHpgl2GCode", "GsHpgl2GCode\GsHpgl2GCode.vbproj", "{848146CA-BFF1-4B1A-96D9-E98D4BDE56BC}"
EndProject
Global
	GlobalSection(SolutionConfigurationPlatforms) = preSolution
		Debug|Any CPU = Debug|Any CPU
		Release|Any CPU = Release|Any CPU
	EndGlobalSection
	GlobalSection(ProjectConfigurationPlatforms) = postSolution
		{848146CA-BFF1-4B1A-96D9-E98D4BDE56BC}.Debug|Any CPU.ActiveCfg = Debug|Any CPU
		{848146CA-BFF1-4B1A-96D9-E98D4BDE56BC}.Debug|Any CPU.Build.0 = Debug|Any CPU
		{848146CA-BFF1-4B1A-96D9-E98D4BDE56BC}.Release|Any CPU.ActiveCfg = Release|Any CPU
		{848146CA-BFF1-4B1A-96D9-E98D4BDE56BC}.Release|Any CPU.Build.0 = Release|Any CPU
	EndGlobalSection
	GlobalSection(SolutionProperties) = preSolution
		HideSolutionNode = FALSE
	EndGlobalSection
	GlobalSection(ExtensibilityGlobals) = postSolution
		SolutionGuid = {722B3CEA-AC4B-4215-916D-73DB19AB8360}
	EndGlobalSection
EndGlobal
